
Microsoft Visual Studio Solution File, Format Version 12.00
# Visual Studio 15
VisualStudioVersion = 15.0.27703.2000
MinimumVisualStudioVersion = 10.0.40219.1
Project("{FAE04EC0-301F-11D3-BF4B-00C04F79EFBC}") = "PraktikantSoundBoard", "PraktikantSoundBoard\PraktikantSoundBoard.csproj", "{B495CFF2-F1EF-45EC-A176-E188032FF1BF}"
EndProject
Global
	GlobalSection(SolutionConfigurationPlatforms) = preSolution
		Debug|Any CPU = Debug|Any CPU
		Release|Any CPU = Release|Any CPU
	EndGlobalSection
	GlobalSection(ProjectConfigurationPlatforms) = postSolution
		{B495CFF2-F1EF-45EC-A176-E188032FF1BF}.Debug|Any CPU.ActiveCfg = Debug|Any CPU
		{B495CFF2-F1EF-45EC-A176-E188032FF1BF}.Debug|Any CPU.Build.0 = Debug|Any CPU
		{B495CFF2-F1EF-45EC-A176-E188032FF1BF}.Release|Any CPU.ActiveCfg = Release|Any CPU
		{B495CFF2-F1EF-45EC-A176-E188032FF1BF}.Release|Any CPU.Build.0 = Release|Any CPU
	EndGlobalSection
	GlobalSection(SolutionProperties) = preSolution
		HideSolutionNode = FALSE
	EndGlobalSection
	GlobalSection(ExtensibilityGlobals) = postSolution
		SolutionGuid = {3D275213-EF56-4329-AEAC-6F1EDAD285BE}
	EndGlobalSection
EndGlobal
